
Microsoft Visual Studio Solution File, Format Version 12.00
# Visual Studio Version 17
VisualStudioVersion = 17.3.32819.101
MinimumVisualStudioVersion = 10.0.40219.1
Project("{2150E333-8FDC-42A3-9474-1A3956D46DE8}") = "_", "_", "{94F99274-3518-45D0-83A4-6F370D6FE74B}"
	ProjectSection(SolutionItems) = preProject
		.codacy.yml = .codacy.yml
		.editorconfig = .editorconfig
		.gitignore = .gitignore
		CODE_OF_CONDUCT.md = CODE_OF_CONDUCT.md
		CONTRIBUTING.md = CONTRIBUTING.md
		Directory.Build.props = Directory.Build.props
		Directory.Packages.props = Directory.Packages.props
		Feature.Flags.props = Feature.Flags.props
		global.json = global.json
		LICENSE = LICENSE
		nuget.config = nuget.config
		README.md = README.md
		renovate.json = renovate.json
		build.cmd = build.cmd
		build.ps1 = build.ps1
		build.sh = build.sh
	EndProjectSection
EndProject
Project("{2150E333-8FDC-42A3-9474-1A3956D46DE8}") = "Tests", "Tests", "{61F335A6-9CE0-4040-A34F-E70B1A55077D}"
EndProject
Project("{9A19103F-16F7-4668-BE54-9A1E7A4F7556}") = "Testably.Abstractions", "Source\Testably.Abstractions\Testably.Abstractions.csproj", "{735108ED-5257-4DEC-8C6A-B09397CBDB29}"
EndProject
Project("{9A19103F-16F7-4668-BE54-9A1E7A4F7556}") = "Testably.Abstractions.Tests", "Tests\Testably.Abstractions.Tests\Testably.Abstractions.Tests.csproj", "{DC4C2936-8CEA-4382-BD87-10BDB3FE3D2F}"
EndProject
Project("{9A19103F-16F7-4668-BE54-9A1E7A4F7556}") = "Testably.Abstractions.Interface", "Source\Testably.Abstractions.Interface\Testably.Abstractions.Interface.csproj", "{E447F0BC-7630-41E2-9EA3-DC065827694C}"
EndProject
Project("{9A19103F-16F7-4668-BE54-9A1E7A4F7556}") = "Testably.Abstractions.Testing", "Source\Testably.Abstractions.Testing\Testably.Abstractions.Testing.csproj", "{2C22AEA2-80F2-4F43-907D-97CEA51EA89F}"
EndProject
Project("{9A19103F-16F7-4668-BE54-9A1E7A4F7556}") = "Testably.Abstractions.Testing.Tests", "Tests\Testably.Abstractions.Testing.Tests\Testably.Abstractions.Testing.Tests.csproj", "{44220872-B6CD-4776-91E9-426D828923D2}"
EndProject
Project("{2150E333-8FDC-42A3-9474-1A3956D46DE8}") = "Source", "Source", "{7545AC28-1399-4AF5-9C63-0507F78F017A}"
	ProjectSection(SolutionItems) = preProject
		Source\Directory.Build.props = Source\Directory.Build.props
	EndProjectSection
EndProject
Project("{2150E333-8FDC-42A3-9474-1A3956D46DE8}") = "Tests", "Tests", "{2FDB2AAE-E5CE-483E-A1A6-EC0B0A4AD67B}"
	ProjectSection(SolutionItems) = preProject
		Tests\Directory.Build.props = Tests\Directory.Build.props
	EndProjectSection
EndProject
Project("{2150E333-8FDC-42A3-9474-1A3956D46DE8}") = ".github", ".github", "{5E35E265-7110-47A0-9E3E-B5180BBB5AA6}"
	ProjectSection(SolutionItems) = preProject
		.github\coverage-settings.xml = .github\coverage-settings.xml
		.github\copilot-instructions.md = .github\copilot-instructions.md
	EndProjectSection
EndProject
Project("{2150E333-8FDC-42A3-9474-1A3956D46DE8}") = "workflows", "workflows", "{8FD8E33B-2072-48CA-8164-DE2AA5DCB8FD}"
	ProjectSection(SolutionItems) = preProject
		.github\workflows\build.yml = .github\workflows\build.yml
		.github\workflows\ci.yml = .github\workflows\ci.yml
	EndProjectSection
EndProject
Project("{9A19103F-16F7-4668-BE54-9A1E7A4F7556}") = "Testably.Abstractions.Parity.Tests", "Tests\Testably.Abstractions.Parity.Tests\Testably.Abstractions.Parity.Tests.csproj", "{E9A42D82-0609-4D6B-B270-A30176B4FCF2}"
EndProject
Project("{9A19103F-16F7-4668-BE54-9A1E7A4F7556}") = "Testably.Abstractions.AccessControl", "Source\Testably.Abstractions.AccessControl\Testably.Abstractions.AccessControl.csproj", "{A4119629-69BC-4E29-B9BC-5F382A2A9617}"
EndProject
Project("{9A19103F-16F7-4668-BE54-9A1E7A4F7556}") = "Testably.Abstractions.AccessControl.Tests", "Tests\Testably.Abstractions.AccessControl.Tests\Testably.Abstractions.AccessControl.Tests.csproj", "{1B078385-7AAA-4B8D-A88E-2CBCD3011F0D}"
EndProject
Project("{9A19103F-16F7-4668-BE54-9A1E7A4F7556}") = "Testably.Abstractions.Compression", "Source\Testably.Abstractions.Compression\Testably.Abstractions.Compression.csproj", "{D2E3B336-4E60-4C6E-9775-DF51D599DB47}"
EndProject
Project("{9A19103F-16F7-4668-BE54-9A1E7A4F7556}") = "Testably.Abstractions.Compression.Tests", "Tests\Testably.Abstractions.Compression.Tests\Testably.Abstractions.Compression.Tests.csproj", "{5330AEEE-A915-4FF6-A85D-E9CCA161B654}"
EndProject
Project("{2150E333-8FDC-42A3-9474-1A3956D46DE8}") = "Docs", "Docs", "{4D70CF83-2EEE-439E-AA30-3FADAACAEB0C}"
	ProjectSection(SolutionItems) = preProject
		Docs\FileSystemWatcherMock.md = Docs\FileSystemWatcherMock.md
		Docs\Maintainer.md = Docs\Maintainer.md
	EndProjectSection
EndProject
Project("{2150E333-8FDC-42A3-9474-1A3956D46DE8}") = "Helpers", "Helpers", "{B6C45D8A-A545-402E-A6B0-47BC7D9BBCF5}"
EndProject
Project("{9A19103F-16F7-4668-BE54-9A1E7A4F7556}") = "Testably.Abstractions.TestHelpers", "Tests\Helpers\Testably.Abstractions.TestHelpers\Testably.Abstractions.TestHelpers.csproj", "{425BA8BA-7795-4749-BFC1-6FA853EBC6B7}"
EndProject
Project("{9A19103F-16F7-4668-BE54-9A1E7A4F7556}") = "Testably.Abstractions.Tests.SourceGenerator", "Tests\Helpers\Testably.Abstractions.Tests.SourceGenerator\Testably.Abstractions.Tests.SourceGenerator.csproj", "{97A2540A-7FB4-4D8B-B003-3F8CAA9CED87}"
EndProject
Project("{2150E333-8FDC-42A3-9474-1A3956D46DE8}") = "Api", "Api", "{8A44FA00-968E-4CEC-90E6-94A878B9DEB2}"
EndProject
Project("{9A19103F-16F7-4668-BE54-9A1E7A4F7556}") = "Testably.Abstractions.Api.Tests", "Tests\Api\Testably.Abstractions.Api.Tests\Testably.Abstractions.Api.Tests.csproj", "{2A729DA1-0C27-4C68-AB39-7D7BCB00D49F}"
EndProject
Project("{2150E333-8FDC-42A3-9474-1A3956D46DE8}") = "Api", "Api", "{0AEBB1A6-07D6-46DC-BC78-9771D380EBC0}"
	ProjectSection(SolutionItems) = preProject
		Tests\Api\Directory.Build.props = Tests\Api\Directory.Build.props
	EndProjectSection
EndProject
Project("{9A19103F-16F7-4668-BE54-9A1E7A4F7556}") = "Testably.Abstractions.TestSettings", "Tests\Settings\Testably.Abstractions.TestSettings\Testably.Abstractions.TestSettings.csproj", "{241E6413-819C-4B06-A739-4D10C2A81365}"
EndProject
Project("{2150E333-8FDC-42A3-9474-1A3956D46DE8}") = "Settings", "Settings", "{D32170F4-1455-4839-8EF4-9530F3AA642A}"
EndProject
Project("{2150E333-8FDC-42A3-9474-1A3956D46DE8}") = "Pipeline", "Pipeline", "{6C54481B-E85D-4207-9FE7-F4FBE7325DB0}"
EndProject
Project("{FAE04EC0-301F-11D3-BF4B-00C04F79EFBC}") = "Build", "Pipeline\Build.csproj", "{5C03DA5C-4F3B-44F5-ACED-28B38B5EE68F}"
EndProject
Project("{FAE04EC0-301F-11D3-BF4B-00C04F79EFBC}") = "Testably.Abstractions.FileSystem.Interface", "Source\Testably.Abstractions.FileSystem.Interface\Testably.Abstractions.FileSystem.Interface.csproj", "{B9DFD3C7-44B7-4A38-A2B7-A96B5BC3651C}"
EndProject
Project("{2150E333-8FDC-42A3-9474-1A3956D46DE8}") = "Core", "Core", "{F049D1AF-3FB0-43F0-B7EE-225C37D5D142}"
EndProject
Project("{FAE04EC0-301F-11D3-BF4B-00C04F79EFBC}") = "Testably.Abstractions.Core.Api.Tests", "Tests\Api\Testably.Abstractions.Core.Api.Tests\Testably.Abstractions.Core.Api.Tests.csproj", "{CF5BBD40-DC43-4B0C-8521-ACD3B8ABFF20}"
EndProject
Project("{2150E333-8FDC-42A3-9474-1A3956D46DE8}") = "Nuget", "Nuget", "{B9E1E12B-9E7F-415A-B956-567694022C27}"
	ProjectSection(SolutionItems) = preProject
		Docs\Nuget\AccessControl.md = Docs\Nuget\AccessControl.md
		Docs\Nuget\Compression.md = Docs\Nuget\Compression.md
		Docs\Nuget\Interface.md = Docs\Nuget\Interface.md
		Docs\Nuget\Testing.md = Docs\Nuget\Testing.md
	EndProjectSection
EndProject
Global
	GlobalSection(SolutionConfigurationPlatforms) = preSolution
		Debug|Any CPU = Debug|Any CPU
		Release|Any CPU = Release|Any CPU
	EndGlobalSection
	GlobalSection(ProjectConfigurationPlatforms) = postSolution
		{735108ED-5257-4DEC-8C6A-B09397CBDB29}.Debug|Any CPU.ActiveCfg = Debug|Any CPU
		{735108ED-5257-4DEC-8C6A-B09397CBDB29}.Debug|Any CPU.Build.0 = Debug|Any CPU
		{735108ED-5257-4DEC-8C6A-B09397CBDB29}.Release|Any CPU.ActiveCfg = Release|Any CPU
		{735108ED-5257-4DEC-8C6A-B09397CBDB29}.Release|Any CPU.Build.0 = Release|Any CPU
		{DC4C2936-8CEA-4382-BD87-10BDB3FE3D2F}.Debug|Any CPU.ActiveCfg = Debug|Any CPU
		{DC4C2936-8CEA-4382-BD87-10BDB3FE3D2F}.Debug|Any CPU.Build.0 = Debug|Any CPU
		{DC4C2936-8CEA-4382-BD87-10BDB3FE3D2F}.Release|Any CPU.ActiveCfg = Release|Any CPU
		{DC4C2936-8CEA-4382-BD87-10BDB3FE3D2F}.Release|Any CPU.Build.0 = Release|Any CPU
		{E447F0BC-7630-41E2-9EA3-DC065827694C}.Debug|Any CPU.ActiveCfg = Debug|Any CPU
		{E447F0BC-7630-41E2-9EA3-DC065827694C}.Debug|Any CPU.Build.0 = Debug|Any CPU
		{E447F0BC-7630-41E2-9EA3-DC065827694C}.Release|Any CPU.ActiveCfg = Release|Any CPU
		{E447F0BC-7630-41E2-9EA3-DC065827694C}.Release|Any CPU.Build.0 = Release|Any CPU
		{2C22AEA2-80F2-4F43-907D-97CEA51EA89F}.Debug|Any CPU.ActiveCfg = Debug|Any CPU
		{2C22AEA2-80F2-4F43-907D-97CEA51EA89F}.Debug|Any CPU.Build.0 = Debug|Any CPU
		{2C22AEA2-80F2-4F43-907D-97CEA51EA89F}.Release|Any CPU.ActiveCfg = Release|Any CPU
		{2C22AEA2-80F2-4F43-907D-97CEA51EA89F}.Release|Any CPU.Build.0 = Release|Any CPU
		{44220872-B6CD-4776-91E9-426D828923D2}.Debug|Any CPU.ActiveCfg = Debug|Any CPU
		{44220872-B6CD-4776-91E9-426D828923D2}.Debug|Any CPU.Build.0 = Debug|Any CPU
		{44220872-B6CD-4776-91E9-426D828923D2}.Release|Any CPU.ActiveCfg = Release|Any CPU
		{44220872-B6CD-4776-91E9-426D828923D2}.Release|Any CPU.Build.0 = Release|Any CPU
		{E9A42D82-0609-4D6B-B270-A30176B4FCF2}.Debug|Any CPU.ActiveCfg = Debug|Any CPU
		{E9A42D82-0609-4D6B-B270-A30176B4FCF2}.Debug|Any CPU.Build.0 = Debug|Any CPU
		{E9A42D82-0609-4D6B-B270-A30176B4FCF2}.Release|Any CPU.ActiveCfg = Release|Any CPU
		{E9A42D82-0609-4D6B-B270-A30176B4FCF2}.Release|Any CPU.Build.0 = Release|Any CPU
		{A4119629-69BC-4E29-B9BC-5F382A2A9617}.Debug|Any CPU.ActiveCfg = Debug|Any CPU
		{A4119629-69BC-4E29-B9BC-5F382A2A9617}.Debug|Any CPU.Build.0 = Debug|Any CPU
		{A4119629-69BC-4E29-B9BC-5F382A2A9617}.Release|Any CPU.ActiveCfg = Release|Any CPU
		{A4119629-69BC-4E29-B9BC-5F382A2A9617}.Release|Any CPU.Build.0 = Release|Any CPU
		{1B078385-7AAA-4B8D-A88E-2CBCD3011F0D}.Debug|Any CPU.ActiveCfg = Debug|Any CPU
		{1B078385-7AAA-4B8D-A88E-2CBCD3011F0D}.Debug|Any CPU.Build.0 = Debug|Any CPU
		{1B078385-7AAA-4B8D-A88E-2CBCD3011F0D}.Release|Any CPU.ActiveCfg = Release|Any CPU
		{1B078385-7AAA-4B8D-A88E-2CBCD3011F0D}.Release|Any CPU.Build.0 = Release|Any CPU
		{D2E3B336-4E60-4C6E-9775-DF51D599DB47}.Debug|Any CPU.ActiveCfg = Debug|Any CPU
		{D2E3B336-4E60-4C6E-9775-DF51D599DB47}.Debug|Any CPU.Build.0 = Debug|Any CPU
		{D2E3B336-4E60-4C6E-9775-DF51D599DB47}.Release|Any CPU.ActiveCfg = Release|Any CPU
		{D2E3B336-4E60-4C6E-9775-DF51D599DB47}.Release|Any CPU.Build.0 = Release|Any CPU
		{5330AEEE-A915-4FF6-A85D-E9CCA161B654}.Debug|Any CPU.ActiveCfg = Debug|Any CPU
		{5330AEEE-A915-4FF6-A85D-E9CCA161B654}.Debug|Any CPU.Build.0 = Debug|Any CPU
		{5330AEEE-A915-4FF6-A85D-E9CCA161B654}.Release|Any CPU.ActiveCfg = Release|Any CPU
		{5330AEEE-A915-4FF6-A85D-E9CCA161B654}.Release|Any CPU.Build.0 = Release|Any CPU
		{425BA8BA-7795-4749-BFC1-6FA853EBC6B7}.Debug|Any CPU.ActiveCfg = Debug|Any CPU
		{425BA8BA-7795-4749-BFC1-6FA853EBC6B7}.Debug|Any CPU.Build.0 = Debug|Any CPU
		{425BA8BA-7795-4749-BFC1-6FA853EBC6B7}.Release|Any CPU.ActiveCfg = Release|Any CPU
		{425BA8BA-7795-4749-BFC1-6FA853EBC6B7}.Release|Any CPU.Build.0 = Release|Any CPU
		{97A2540A-7FB4-4D8B-B003-3F8CAA9CED87}.Debug|Any CPU.ActiveCfg = Debug|Any CPU
		{97A2540A-7FB4-4D8B-B003-3F8CAA9CED87}.Debug|Any CPU.Build.0 = Debug|Any CPU
		{97A2540A-7FB4-4D8B-B003-3F8CAA9CED87}.Release|Any CPU.ActiveCfg = Release|Any CPU
		{97A2540A-7FB4-4D8B-B003-3F8CAA9CED87}.Release|Any CPU.Build.0 = Release|Any CPU
		{2A729DA1-0C27-4C68-AB39-7D7BCB00D49F}.Debug|Any CPU.ActiveCfg = Debug|Any CPU
		{2A729DA1-0C27-4C68-AB39-7D7BCB00D49F}.Debug|Any CPU.Build.0 = Debug|Any CPU
		{2A729DA1-0C27-4C68-AB39-7D7BCB00D49F}.Release|Any CPU.ActiveCfg = Release|Any CPU
		{2A729DA1-0C27-4C68-AB39-7D7BCB00D49F}.Release|Any CPU.Build.0 = Release|Any CPU
		{241E6413-819C-4B06-A739-4D10C2A81365}.Debug|Any CPU.ActiveCfg = Debug|Any CPU
		{241E6413-819C-4B06-A739-4D10C2A81365}.Debug|Any CPU.Build.0 = Debug|Any CPU
		{241E6413-819C-4B06-A739-4D10C2A81365}.Release|Any CPU.ActiveCfg = Release|Any CPU
		{241E6413-819C-4B06-A739-4D10C2A81365}.Release|Any CPU.Build.0 = Release|Any CPU
		{5C03DA5C-4F3B-44F5-ACED-28B38B5EE68F}.Debug|Any CPU.ActiveCfg = Debug|Any CPU
		{5C03DA5C-4F3B-44F5-ACED-28B38B5EE68F}.Release|Any CPU.ActiveCfg = Release|Any CPU
		{B9DFD3C7-44B7-4A38-A2B7-A96B5BC3651C}.Debug|Any CPU.ActiveCfg = Debug|Any CPU
		{B9DFD3C7-44B7-4A38-A2B7-A96B5BC3651C}.Debug|Any CPU.Build.0 = Debug|Any CPU
		{B9DFD3C7-44B7-4A38-A2B7-A96B5BC3651C}.Release|Any CPU.ActiveCfg = Release|Any CPU
		{B9DFD3C7-44B7-4A38-A2B7-A96B5BC3651C}.Release|Any CPU.Build.0 = Release|Any CPU
		{CF5BBD40-DC43-4B0C-8521-ACD3B8ABFF20}.Debug|Any CPU.ActiveCfg = Debug|Any CPU
		{CF5BBD40-DC43-4B0C-8521-ACD3B8ABFF20}.Debug|Any CPU.Build.0 = Debug|Any CPU
		{CF5BBD40-DC43-4B0C-8521-ACD3B8ABFF20}.Release|Any CPU.ActiveCfg = Release|Any CPU
		{CF5BBD40-DC43-4B0C-8521-ACD3B8ABFF20}.Release|Any CPU.Build.0 = Release|Any CPU
	EndGlobalSection
	GlobalSection(SolutionProperties) = preSolution
		HideSolutionNode = FALSE
	EndGlobalSection
	GlobalSection(NestedProjects) = preSolution
		{DC4C2936-8CEA-4382-BD87-10BDB3FE3D2F} = {61F335A6-9CE0-4040-A34F-E70B1A55077D}
		{44220872-B6CD-4776-91E9-426D828923D2} = {61F335A6-9CE0-4040-A34F-E70B1A55077D}
		{7545AC28-1399-4AF5-9C63-0507F78F017A} = {94F99274-3518-45D0-83A4-6F370D6FE74B}
		{2FDB2AAE-E5CE-483E-A1A6-EC0B0A4AD67B} = {94F99274-3518-45D0-83A4-6F370D6FE74B}
		{5E35E265-7110-47A0-9E3E-B5180BBB5AA6} = {94F99274-3518-45D0-83A4-6F370D6FE74B}
		{8FD8E33B-2072-48CA-8164-DE2AA5DCB8FD} = {5E35E265-7110-47A0-9E3E-B5180BBB5AA6}
		{E9A42D82-0609-4D6B-B270-A30176B4FCF2} = {61F335A6-9CE0-4040-A34F-E70B1A55077D}
		{1B078385-7AAA-4B8D-A88E-2CBCD3011F0D} = {61F335A6-9CE0-4040-A34F-E70B1A55077D}
		{5330AEEE-A915-4FF6-A85D-E9CCA161B654} = {61F335A6-9CE0-4040-A34F-E70B1A55077D}
		{4D70CF83-2EEE-439E-AA30-3FADAACAEB0C} = {94F99274-3518-45D0-83A4-6F370D6FE74B}
		{B6C45D8A-A545-402E-A6B0-47BC7D9BBCF5} = {61F335A6-9CE0-4040-A34F-E70B1A55077D}
		{425BA8BA-7795-4749-BFC1-6FA853EBC6B7} = {B6C45D8A-A545-402E-A6B0-47BC7D9BBCF5}
		{97A2540A-7FB4-4D8B-B003-3F8CAA9CED87} = {B6C45D8A-A545-402E-A6B0-47BC7D9BBCF5}
		{8A44FA00-968E-4CEC-90E6-94A878B9DEB2} = {61F335A6-9CE0-4040-A34F-E70B1A55077D}
		{2A729DA1-0C27-4C68-AB39-7D7BCB00D49F} = {8A44FA00-968E-4CEC-90E6-94A878B9DEB2}
		{0AEBB1A6-07D6-46DC-BC78-9771D380EBC0} = {2FDB2AAE-E5CE-483E-A1A6-EC0B0A4AD67B}
		{241E6413-819C-4B06-A739-4D10C2A81365} = {D32170F4-1455-4839-8EF4-9530F3AA642A}
		{D32170F4-1455-4839-8EF4-9530F3AA642A} = {61F335A6-9CE0-4040-A34F-E70B1A55077D}
		{5C03DA5C-4F3B-44F5-ACED-28B38B5EE68F} = {6C54481B-E85D-4207-9FE7-F4FBE7325DB0}
		{735108ED-5257-4DEC-8C6A-B09397CBDB29} = {F049D1AF-3FB0-43F0-B7EE-225C37D5D142}
		{B9DFD3C7-44B7-4A38-A2B7-A96B5BC3651C} = {F049D1AF-3FB0-43F0-B7EE-225C37D5D142}
		{E447F0BC-7630-41E2-9EA3-DC065827694C} = {F049D1AF-3FB0-43F0-B7EE-225C37D5D142}
		{CF5BBD40-DC43-4B0C-8521-ACD3B8ABFF20} = {8A44FA00-968E-4CEC-90E6-94A878B9DEB2}
		{B9E1E12B-9E7F-415A-B956-567694022C27} = {4D70CF83-2EEE-439E-AA30-3FADAACAEB0C}
	EndGlobalSection
	GlobalSection(ExtensibilityGlobals) = postSolution
		SolutionGuid = {EC4D8481-B9FD-41B5-832A-369210993DF4}
	EndGlobalSection
EndGlobal
