
Microsoft Visual Studio Solution File, Format Version 12.00
# Visual Studio Version 17
VisualStudioVersion = 17.3.32819.101
MinimumVisualStudioVersion = 10.0.40219.1
Project("{2150E333-8FDC-42A3-9474-1A3956D46DE8}") = "_", "_", "{94F99274-3518-45D0-83A4-6F370D6FE74B}"
	ProjectSection(SolutionItems) = preProject
		README.md = README.md
	EndProjectSection
EndProject
Project("{2150E333-8FDC-42A3-9474-1A3956D46DE8}") = "Tests", "Tests", "{61F335A6-9CE0-4040-A34F-E70B1A55077D}"
EndProject
Project("{9A19103F-16F7-4668-BE54-9A1E7A4F7556}") = "Testably.Abstractions", "Source\Testably.Abstractions\Testably.Abstractions.csproj", "{735108ED-5257-4DEC-8C6A-B09397CBDB29}"
EndProject
Project("{9A19103F-16F7-4668-BE54-9A1E7A4F7556}") = "Testably.Abstractions.Tests", "Tests\Testably.Abstractions.Tests\Testably.Abstractions.Tests.csproj", "{DC4C2936-8CEA-4382-BD87-10BDB3FE3D2F}"
EndProject
Project("{9A19103F-16F7-4668-BE54-9A1E7A4F7556}") = "Testably.Abstractions.Testing", "Source\Testably.Abstractions.Testing\Testably.Abstractions.Testing.csproj", "{2C22AEA2-80F2-4F43-907D-97CEA51EA89F}"
EndProject
Project("{9A19103F-16F7-4668-BE54-9A1E7A4F7556}") = "Testably.Abstractions.Extensions", "Source\Testably.Abstractions.Extensions\Testably.Abstractions.Extensions.csproj", "{70A61227-E004-4818-8061-8ED61D35984D}"
EndProject
Project("{9A19103F-16F7-4668-BE54-9A1E7A4F7556}") = "Testably.Abstractions.Extensions.Tests", "Tests\Testably.Abstractions.Extensions.Tests\Testably.Abstractions.Extensions.Tests.csproj", "{5356838D-3796-45B6-8227-0F023093D9A9}"
EndProject
Project("{2150E333-8FDC-42A3-9474-1A3956D46DE8}") = "Examples", "Examples", "{D9F78F4F-F04D-4FEA-83C4-BDB6430C74D7}"
EndProject
Project("{9A19103F-16F7-4668-BE54-9A1E7A4F7556}") = "Examples.TimeSystem", "Docs\Examples\Examples.TimeSystem\Examples.TimeSystem.csproj", "{46A32BAE-9421-458C-96E5-D5019BEE61F2}"
EndProject
Project("{2150E333-8FDC-42A3-9474-1A3956D46DE8}") = "Source", "Source", "{7545AC28-1399-4AF5-9C63-0507F78F017A}"
	ProjectSection(SolutionItems) = preProject
		Source\Directory.Build.props = Source\Directory.Build.props
		Source\Feature.Flags.props = Source\Feature.Flags.props
	EndProjectSection
EndProject
Project("{2150E333-8FDC-42A3-9474-1A3956D46DE8}") = "Tests", "Tests", "{2FDB2AAE-E5CE-483E-A1A6-EC0B0A4AD67B}"
	ProjectSection(SolutionItems) = preProject
		Tests\Directory.Build.props = Tests\Directory.Build.props
	EndProjectSection
EndProject
Project("{2150E333-8FDC-42A3-9474-1A3956D46DE8}") = ".github", ".github", "{5E35E265-7110-47A0-9E3E-B5180BBB5AA6}"
EndProject
Project("{2150E333-8FDC-42A3-9474-1A3956D46DE8}") = "workflows", "workflows", "{8FD8E33B-2072-48CA-8164-DE2AA5DCB8FD}"
	ProjectSection(SolutionItems) = preProject
		.github\workflows\ci.yml = .github\workflows\ci.yml
		.github\workflows\pr-naming.yml = .github\workflows\pr-naming.yml
		.github\workflows\release.yml = .github\workflows\release.yml
	EndProjectSection
EndProject
Global
	GlobalSection(SolutionConfigurationPlatforms) = preSolution
		Debug|Any CPU = Debug|Any CPU
		Release|Any CPU = Release|Any CPU
	EndGlobalSection
	GlobalSection(ProjectConfigurationPlatforms) = postSolution
		{735108ED-5257-4DEC-8C6A-B09397CBDB29}.Debug|Any CPU.ActiveCfg = Debug|Any CPU
		{735108ED-5257-4DEC-8C6A-B09397CBDB29}.Debug|Any CPU.Build.0 = Debug|Any CPU
		{735108ED-5257-4DEC-8C6A-B09397CBDB29}.Release|Any CPU.ActiveCfg = Release|Any CPU
		{735108ED-5257-4DEC-8C6A-B09397CBDB29}.Release|Any CPU.Build.0 = Release|Any CPU
		{DC4C2936-8CEA-4382-BD87-10BDB3FE3D2F}.Debug|Any CPU.ActiveCfg = Debug|Any CPU
		{DC4C2936-8CEA-4382-BD87-10BDB3FE3D2F}.Debug|Any CPU.Build.0 = Debug|Any CPU
		{DC4C2936-8CEA-4382-BD87-10BDB3FE3D2F}.Release|Any CPU.ActiveCfg = Release|Any CPU
		{DC4C2936-8CEA-4382-BD87-10BDB3FE3D2F}.Release|Any CPU.Build.0 = Release|Any CPU
		{2C22AEA2-80F2-4F43-907D-97CEA51EA89F}.Debug|Any CPU.ActiveCfg = Debug|Any CPU
		{2C22AEA2-80F2-4F43-907D-97CEA51EA89F}.Debug|Any CPU.Build.0 = Debug|Any CPU
		{2C22AEA2-80F2-4F43-907D-97CEA51EA89F}.Release|Any CPU.ActiveCfg = Release|Any CPU
		{2C22AEA2-80F2-4F43-907D-97CEA51EA89F}.Release|Any CPU.Build.0 = Release|Any CPU
		{70A61227-E004-4818-8061-8ED61D35984D}.Debug|Any CPU.ActiveCfg = Debug|Any CPU
		{70A61227-E004-4818-8061-8ED61D35984D}.Debug|Any CPU.Build.0 = Debug|Any CPU
		{70A61227-E004-4818-8061-8ED61D35984D}.Release|Any CPU.ActiveCfg = Release|Any CPU
		{70A61227-E004-4818-8061-8ED61D35984D}.Release|Any CPU.Build.0 = Release|Any CPU
		{5356838D-3796-45B6-8227-0F023093D9A9}.Debug|Any CPU.ActiveCfg = Debug|Any CPU
		{5356838D-3796-45B6-8227-0F023093D9A9}.Debug|Any CPU.Build.0 = Debug|Any CPU
		{5356838D-3796-45B6-8227-0F023093D9A9}.Release|Any CPU.ActiveCfg = Release|Any CPU
		{5356838D-3796-45B6-8227-0F023093D9A9}.Release|Any CPU.Build.0 = Release|Any CPU
		{46A32BAE-9421-458C-96E5-D5019BEE61F2}.Debug|Any CPU.ActiveCfg = Debug|Any CPU
		{46A32BAE-9421-458C-96E5-D5019BEE61F2}.Debug|Any CPU.Build.0 = Debug|Any CPU
		{46A32BAE-9421-458C-96E5-D5019BEE61F2}.Release|Any CPU.ActiveCfg = Release|Any CPU
		{46A32BAE-9421-458C-96E5-D5019BEE61F2}.Release|Any CPU.Build.0 = Release|Any CPU
	EndGlobalSection
	GlobalSection(SolutionProperties) = preSolution
		HideSolutionNode = FALSE
	EndGlobalSection
	GlobalSection(NestedProjects) = preSolution
		{DC4C2936-8CEA-4382-BD87-10BDB3FE3D2F} = {61F335A6-9CE0-4040-A34F-E70B1A55077D}
		{5356838D-3796-45B6-8227-0F023093D9A9} = {61F335A6-9CE0-4040-A34F-E70B1A55077D}
		{46A32BAE-9421-458C-96E5-D5019BEE61F2} = {D9F78F4F-F04D-4FEA-83C4-BDB6430C74D7}
		{7545AC28-1399-4AF5-9C63-0507F78F017A} = {94F99274-3518-45D0-83A4-6F370D6FE74B}
		{2FDB2AAE-E5CE-483E-A1A6-EC0B0A4AD67B} = {94F99274-3518-45D0-83A4-6F370D6FE74B}
		{5E35E265-7110-47A0-9E3E-B5180BBB5AA6} = {94F99274-3518-45D0-83A4-6F370D6FE74B}
		{8FD8E33B-2072-48CA-8164-DE2AA5DCB8FD} = {5E35E265-7110-47A0-9E3E-B5180BBB5AA6}
	EndGlobalSection
	GlobalSection(ExtensibilityGlobals) = postSolution
		SolutionGuid = {EC4D8481-B9FD-41B5-832A-369210993DF4}
	EndGlobalSection
EndGlobal
