
Microsoft Visual Studio Solution File, Format Version 12.00
# Visual Studio Version 17
VisualStudioVersion = 17.3.32825.248
MinimumVisualStudioVersion = 10.0.40219.1
Project("{2150E333-8FDC-42A3-9474-1A3956D46DE8}") = "_", "_", "{641A4EEA-484D-4332-B410-45DE0E95A4C6}"
	ProjectSection(SolutionItems) = preProject
		Directory.Build.props = Directory.Build.props
		README.md = README.md
	EndProjectSection
EndProject
Project("{2150E333-8FDC-42A3-9474-1A3956D46DE8}") = "Configuration", "Configuration", "{B177017C-1851-4788-A293-D3934D27F222}"
	ProjectSection(SolutionItems) = preProject
		Configuration\README.md = Configuration\README.md
	EndProjectSection
EndProject
Project("{9A19103F-16F7-4668-BE54-9A1E7A4F7556}") = "DependencyInjection.Tests", "Configuration\DependencyInjection.Tests\DependencyInjection.Tests.csproj", "{9B2BAC68-0CB0-4DEC-B50E-E93292E23EDE}"
EndProject
Project("{9A19103F-16F7-4668-BE54-9A1E7A4F7556}") = "FileSystemConfiguration.Tests", "Configuration\FileSystemConfiguration.Tests\FileSystemConfiguration.Tests.csproj", "{67A3EC8D-3D6F-4FD9-B9A3-7549BA51C70D}"
EndProject
Project("{2150E333-8FDC-42A3-9474-1A3956D46DE8}") = "ThreadAwareTimeProvider", "ThreadAwareTimeProvider", "{144C6BB0-7C78-4A84-8875-904885FA3997}"
	ProjectSection(SolutionItems) = preProject
		ThreadAwareTimeProvider\README.md = ThreadAwareTimeProvider\README.md
	EndProjectSection
EndProject
Project("{9A19103F-16F7-4668-BE54-9A1E7A4F7556}") = "ThreadAwareTimeProvider", "ThreadAwareTimeProvider\ThreadAwareTimeProvider\ThreadAwareTimeProvider.csproj", "{D40B69A0-2E8B-4593-95C5-F0D2075532ED}"
EndProject
Project("{9A19103F-16F7-4668-BE54-9A1E7A4F7556}") = "ThreadAwareTimeProvider.Tests", "ThreadAwareTimeProvider\ThreadAwareTimeProvider.Tests\ThreadAwareTimeProvider.Tests.csproj", "{CF2A6351-8621-492B-BF7A-C03F28839DC6}"
EndProject
Project("{2150E333-8FDC-42A3-9474-1A3956D46DE8}") = "ZipFile", "ZipFile", "{DB31155E-6C01-4C26-B961-35AA5897718A}"
	ProjectSection(SolutionItems) = preProject
		ZipFile\README.md = ZipFile\README.md
	EndProjectSection
EndProject
Project("{9A19103F-16F7-4668-BE54-9A1E7A4F7556}") = "ZipFile", "ZipFile\ZipFile\ZipFile.csproj", "{80A747D4-7EAD-422D-AF04-DBB8A276825D}"
EndProject
Project("{9A19103F-16F7-4668-BE54-9A1E7A4F7556}") = "ZipFile.Tests", "ZipFile\ZipFile.Tests\ZipFile.Tests.csproj", "{5291D002-431B-4378-A4E4-D0B195507F54}"
EndProject
Project("{2150E333-8FDC-42A3-9474-1A3956D46DE8}") = "AccessControlLists", "AccessControlLists", "{AC5FCC95-CA9C-4A14-9330-945EF3A9BF9A}"
	ProjectSection(SolutionItems) = preProject
		AccessControlLists\README.md = AccessControlLists\README.md
	EndProjectSection
EndProject
Project("{2150E333-8FDC-42A3-9474-1A3956D46DE8}") = "SafeFileHandle", "SafeFileHandle", "{E116185F-52D4-48B4-BF55-D3BE0905805D}"
	ProjectSection(SolutionItems) = preProject
		SafeFileHandle\README.md = SafeFileHandle\README.md
	EndProjectSection
EndProject
Project("{9A19103F-16F7-4668-BE54-9A1E7A4F7556}") = "AccessControlLists", "AccessControlLists\AccessControlLists\AccessControlLists.csproj", "{6D8D17B6-82E1-48D3-82C3-2656C666F845}"
EndProject
Project("{9A19103F-16F7-4668-BE54-9A1E7A4F7556}") = "AccessControlLists.Tests", "AccessControlLists\AccessControlLists.Tests\AccessControlLists.Tests.csproj", "{916E6165-38B4-4B3D-A5A6-077113F98D34}"
EndProject
Project("{9A19103F-16F7-4668-BE54-9A1E7A4F7556}") = "SafeFileHandle", "SafeFileHandle\SafeFileHandle\SafeFileHandle.csproj", "{1D1F0C68-D9F9-4D34-BD8A-2E4EC41D9790}"
EndProject
Project("{9A19103F-16F7-4668-BE54-9A1E7A4F7556}") = "SafeFileHandle.Tests", "SafeFileHandle\SafeFileHandle.Tests\SafeFileHandle.Tests.csproj", "{63F48EEB-F2A8-4A26-BEFF-A766EE2793DA}"
EndProject
Project("{2150E333-8FDC-42A3-9474-1A3956D46DE8}") = "DriveManagement", "DriveManagement", "{B19433E1-9187-4A98-A2F9-4A84366CD2DC}"
	ProjectSection(SolutionItems) = preProject
		DriveManagement\README.md = DriveManagement\README.md
	EndProjectSection
EndProject
Project("{9A19103F-16F7-4668-BE54-9A1E7A4F7556}") = "DriveManagement.Tests", "DriveManagement\DriveManagement.Tests\DriveManagement.Tests.csproj", "{C58E47F9-84D6-4D1C-8348-D72159597996}"
EndProject
Project("{2150E333-8FDC-42A3-9474-1A3956D46DE8}") = "FileSystemWatcher", "FileSystemWatcher", "{F05DF273-2CC0-4E23-81BF-AA48E8142144}"
	ProjectSection(SolutionItems) = preProject
		FileSystemWatcher\README.md = FileSystemWatcher\README.md
	EndProjectSection
EndProject
Project("{9A19103F-16F7-4668-BE54-9A1E7A4F7556}") = "FileSystemWatcher", "FileSystemWatcher\FileSystemWatcher\FileSystemWatcher.csproj", "{4B62D7AA-5DAB-4146-9DBE-F01F1581E52C}"
EndProject
Project("{9A19103F-16F7-4668-BE54-9A1E7A4F7556}") = "FileSystemWatcher.Tests", "FileSystemWatcher\FileSystemWatcher.Tests\FileSystemWatcher.Tests.csproj", "{BD564722-10AE-481F-B13C-A1C319731E7D}"
EndProject
Global
	GlobalSection(SolutionConfigurationPlatforms) = preSolution
		Debug|Any CPU = Debug|Any CPU
		Release|Any CPU = Release|Any CPU
	EndGlobalSection
	GlobalSection(ProjectConfigurationPlatforms) = postSolution
		{9B2BAC68-0CB0-4DEC-B50E-E93292E23EDE}.Debug|Any CPU.ActiveCfg = Debug|Any CPU
		{9B2BAC68-0CB0-4DEC-B50E-E93292E23EDE}.Debug|Any CPU.Build.0 = Debug|Any CPU
		{9B2BAC68-0CB0-4DEC-B50E-E93292E23EDE}.Release|Any CPU.ActiveCfg = Release|Any CPU
		{9B2BAC68-0CB0-4DEC-B50E-E93292E23EDE}.Release|Any CPU.Build.0 = Release|Any CPU
		{67A3EC8D-3D6F-4FD9-B9A3-7549BA51C70D}.Debug|Any CPU.ActiveCfg = Debug|Any CPU
		{67A3EC8D-3D6F-4FD9-B9A3-7549BA51C70D}.Debug|Any CPU.Build.0 = Debug|Any CPU
		{67A3EC8D-3D6F-4FD9-B9A3-7549BA51C70D}.Release|Any CPU.ActiveCfg = Release|Any CPU
		{67A3EC8D-3D6F-4FD9-B9A3-7549BA51C70D}.Release|Any CPU.Build.0 = Release|Any CPU
		{D40B69A0-2E8B-4593-95C5-F0D2075532ED}.Debug|Any CPU.ActiveCfg = Debug|Any CPU
		{D40B69A0-2E8B-4593-95C5-F0D2075532ED}.Debug|Any CPU.Build.0 = Debug|Any CPU
		{D40B69A0-2E8B-4593-95C5-F0D2075532ED}.Release|Any CPU.ActiveCfg = Release|Any CPU
		{D40B69A0-2E8B-4593-95C5-F0D2075532ED}.Release|Any CPU.Build.0 = Release|Any CPU
		{CF2A6351-8621-492B-BF7A-C03F28839DC6}.Debug|Any CPU.ActiveCfg = Debug|Any CPU
		{CF2A6351-8621-492B-BF7A-C03F28839DC6}.Debug|Any CPU.Build.0 = Debug|Any CPU
		{CF2A6351-8621-492B-BF7A-C03F28839DC6}.Release|Any CPU.ActiveCfg = Release|Any CPU
		{CF2A6351-8621-492B-BF7A-C03F28839DC6}.Release|Any CPU.Build.0 = Release|Any CPU
		{80A747D4-7EAD-422D-AF04-DBB8A276825D}.Debug|Any CPU.ActiveCfg = Debug|Any CPU
		{80A747D4-7EAD-422D-AF04-DBB8A276825D}.Debug|Any CPU.Build.0 = Debug|Any CPU
		{80A747D4-7EAD-422D-AF04-DBB8A276825D}.Release|Any CPU.ActiveCfg = Release|Any CPU
		{80A747D4-7EAD-422D-AF04-DBB8A276825D}.Release|Any CPU.Build.0 = Release|Any CPU
		{5291D002-431B-4378-A4E4-D0B195507F54}.Debug|Any CPU.ActiveCfg = Debug|Any CPU
		{5291D002-431B-4378-A4E4-D0B195507F54}.Debug|Any CPU.Build.0 = Debug|Any CPU
		{5291D002-431B-4378-A4E4-D0B195507F54}.Release|Any CPU.ActiveCfg = Release|Any CPU
		{5291D002-431B-4378-A4E4-D0B195507F54}.Release|Any CPU.Build.0 = Release|Any CPU
		{6D8D17B6-82E1-48D3-82C3-2656C666F845}.Debug|Any CPU.ActiveCfg = Debug|Any CPU
		{6D8D17B6-82E1-48D3-82C3-2656C666F845}.Debug|Any CPU.Build.0 = Debug|Any CPU
		{6D8D17B6-82E1-48D3-82C3-2656C666F845}.Release|Any CPU.ActiveCfg = Release|Any CPU
		{6D8D17B6-82E1-48D3-82C3-2656C666F845}.Release|Any CPU.Build.0 = Release|Any CPU
		{916E6165-38B4-4B3D-A5A6-077113F98D34}.Debug|Any CPU.ActiveCfg = Debug|Any CPU
		{916E6165-38B4-4B3D-A5A6-077113F98D34}.Debug|Any CPU.Build.0 = Debug|Any CPU
		{916E6165-38B4-4B3D-A5A6-077113F98D34}.Release|Any CPU.ActiveCfg = Release|Any CPU
		{916E6165-38B4-4B3D-A5A6-077113F98D34}.Release|Any CPU.Build.0 = Release|Any CPU
		{1D1F0C68-D9F9-4D34-BD8A-2E4EC41D9790}.Debug|Any CPU.ActiveCfg = Debug|Any CPU
		{1D1F0C68-D9F9-4D34-BD8A-2E4EC41D9790}.Debug|Any CPU.Build.0 = Debug|Any CPU
		{1D1F0C68-D9F9-4D34-BD8A-2E4EC41D9790}.Release|Any CPU.ActiveCfg = Release|Any CPU
		{1D1F0C68-D9F9-4D34-BD8A-2E4EC41D9790}.Release|Any CPU.Build.0 = Release|Any CPU
		{63F48EEB-F2A8-4A26-BEFF-A766EE2793DA}.Debug|Any CPU.ActiveCfg = Debug|Any CPU
		{63F48EEB-F2A8-4A26-BEFF-A766EE2793DA}.Debug|Any CPU.Build.0 = Debug|Any CPU
		{63F48EEB-F2A8-4A26-BEFF-A766EE2793DA}.Release|Any CPU.ActiveCfg = Release|Any CPU
		{63F48EEB-F2A8-4A26-BEFF-A766EE2793DA}.Release|Any CPU.Build.0 = Release|Any CPU
		{C58E47F9-84D6-4D1C-8348-D72159597996}.Debug|Any CPU.ActiveCfg = Debug|Any CPU
		{C58E47F9-84D6-4D1C-8348-D72159597996}.Debug|Any CPU.Build.0 = Debug|Any CPU
		{C58E47F9-84D6-4D1C-8348-D72159597996}.Release|Any CPU.ActiveCfg = Release|Any CPU
		{C58E47F9-84D6-4D1C-8348-D72159597996}.Release|Any CPU.Build.0 = Release|Any CPU
		{4B62D7AA-5DAB-4146-9DBE-F01F1581E52C}.Debug|Any CPU.ActiveCfg = Debug|Any CPU
		{4B62D7AA-5DAB-4146-9DBE-F01F1581E52C}.Debug|Any CPU.Build.0 = Debug|Any CPU
		{4B62D7AA-5DAB-4146-9DBE-F01F1581E52C}.Release|Any CPU.ActiveCfg = Release|Any CPU
		{4B62D7AA-5DAB-4146-9DBE-F01F1581E52C}.Release|Any CPU.Build.0 = Release|Any CPU
		{BD564722-10AE-481F-B13C-A1C319731E7D}.Debug|Any CPU.ActiveCfg = Debug|Any CPU
		{BD564722-10AE-481F-B13C-A1C319731E7D}.Debug|Any CPU.Build.0 = Debug|Any CPU
		{BD564722-10AE-481F-B13C-A1C319731E7D}.Release|Any CPU.ActiveCfg = Release|Any CPU
		{BD564722-10AE-481F-B13C-A1C319731E7D}.Release|Any CPU.Build.0 = Release|Any CPU
	EndGlobalSection
	GlobalSection(SolutionProperties) = preSolution
		HideSolutionNode = FALSE
	EndGlobalSection
	GlobalSection(NestedProjects) = preSolution
		{9B2BAC68-0CB0-4DEC-B50E-E93292E23EDE} = {B177017C-1851-4788-A293-D3934D27F222}
		{67A3EC8D-3D6F-4FD9-B9A3-7549BA51C70D} = {B177017C-1851-4788-A293-D3934D27F222}
		{D40B69A0-2E8B-4593-95C5-F0D2075532ED} = {144C6BB0-7C78-4A84-8875-904885FA3997}
		{CF2A6351-8621-492B-BF7A-C03F28839DC6} = {144C6BB0-7C78-4A84-8875-904885FA3997}
		{80A747D4-7EAD-422D-AF04-DBB8A276825D} = {DB31155E-6C01-4C26-B961-35AA5897718A}
		{5291D002-431B-4378-A4E4-D0B195507F54} = {DB31155E-6C01-4C26-B961-35AA5897718A}
		{6D8D17B6-82E1-48D3-82C3-2656C666F845} = {AC5FCC95-CA9C-4A14-9330-945EF3A9BF9A}
		{916E6165-38B4-4B3D-A5A6-077113F98D34} = {AC5FCC95-CA9C-4A14-9330-945EF3A9BF9A}
		{1D1F0C68-D9F9-4D34-BD8A-2E4EC41D9790} = {E116185F-52D4-48B4-BF55-D3BE0905805D}
		{63F48EEB-F2A8-4A26-BEFF-A766EE2793DA} = {E116185F-52D4-48B4-BF55-D3BE0905805D}
		{C58E47F9-84D6-4D1C-8348-D72159597996} = {B19433E1-9187-4A98-A2F9-4A84366CD2DC}
		{4B62D7AA-5DAB-4146-9DBE-F01F1581E52C} = {F05DF273-2CC0-4E23-81BF-AA48E8142144}
		{BD564722-10AE-481F-B13C-A1C319731E7D} = {F05DF273-2CC0-4E23-81BF-AA48E8142144}
	EndGlobalSection
	GlobalSection(ExtensibilityGlobals) = postSolution
		SolutionGuid = {D439CFB9-E2DD-4DF9-AA90-F321B50EAD16}
	EndGlobalSection
EndGlobal
