
Microsoft Visual Studio Solution File, Format Version 12.00
# Visual Studio Version 17
VisualStudioVersion = 17.3.32825.248
MinimumVisualStudioVersion = 10.0.40219.1
Project("{2150E333-8FDC-42A3-9474-1A3956D46DE8}") = "_", "_", "{641A4EEA-484D-4332-B410-45DE0E95A4C6}"
	ProjectSection(SolutionItems) = preProject
		Directory.Build.props = Directory.Build.props
		README.md = README.md
	EndProjectSection
EndProject
Project("{2150E333-8FDC-42A3-9474-1A3956D46DE8}") = "Configuration", "Configuration", "{B177017C-1851-4788-A293-D3934D27F222}"
	ProjectSection(SolutionItems) = preProject
		Configuration\README.md = Configuration\README.md
	EndProjectSection
EndProject
Project("{9A19103F-16F7-4668-BE54-9A1E7A4F7556}") = "DependencyInjection.Tests", "Configuration\DependencyInjection.Tests\DependencyInjection.Tests.csproj", "{9B2BAC68-0CB0-4DEC-B50E-E93292E23EDE}"
EndProject
Project("{9A19103F-16F7-4668-BE54-9A1E7A4F7556}") = "FileSystemConfiguration.Tests", "Configuration\FileSystemConfiguration.Tests\FileSystemConfiguration.Tests.csproj", "{67A3EC8D-3D6F-4FD9-B9A3-7549BA51C70D}"
EndProject
Project("{2150E333-8FDC-42A3-9474-1A3956D46DE8}") = "ThreadAwareTimeProvider", "ThreadAwareTimeProvider", "{144C6BB0-7C78-4A84-8875-904885FA3997}"
	ProjectSection(SolutionItems) = preProject
		ThreadAwareTimeProvider\README.md = ThreadAwareTimeProvider\README.md
	EndProjectSection
EndProject
Project("{9A19103F-16F7-4668-BE54-9A1E7A4F7556}") = "ThreadAwareTimeProvider", "ThreadAwareTimeProvider\ThreadAwareTimeProvider\ThreadAwareTimeProvider.csproj", "{D40B69A0-2E8B-4593-95C5-F0D2075532ED}"
EndProject
Project("{9A19103F-16F7-4668-BE54-9A1E7A4F7556}") = "ThreadAwareTimeProvider.Tests", "ThreadAwareTimeProvider\ThreadAwareTimeProvider.Tests\ThreadAwareTimeProvider.Tests.csproj", "{CF2A6351-8621-492B-BF7A-C03F28839DC6}"
EndProject
Global
	GlobalSection(SolutionConfigurationPlatforms) = preSolution
		Debug|Any CPU = Debug|Any CPU
		Release|Any CPU = Release|Any CPU
	EndGlobalSection
	GlobalSection(ProjectConfigurationPlatforms) = postSolution
		{9B2BAC68-0CB0-4DEC-B50E-E93292E23EDE}.Debug|Any CPU.ActiveCfg = Debug|Any CPU
		{9B2BAC68-0CB0-4DEC-B50E-E93292E23EDE}.Debug|Any CPU.Build.0 = Debug|Any CPU
		{9B2BAC68-0CB0-4DEC-B50E-E93292E23EDE}.Release|Any CPU.ActiveCfg = Release|Any CPU
		{9B2BAC68-0CB0-4DEC-B50E-E93292E23EDE}.Release|Any CPU.Build.0 = Release|Any CPU
		{67A3EC8D-3D6F-4FD9-B9A3-7549BA51C70D}.Debug|Any CPU.ActiveCfg = Debug|Any CPU
		{67A3EC8D-3D6F-4FD9-B9A3-7549BA51C70D}.Debug|Any CPU.Build.0 = Debug|Any CPU
		{67A3EC8D-3D6F-4FD9-B9A3-7549BA51C70D}.Release|Any CPU.ActiveCfg = Release|Any CPU
		{67A3EC8D-3D6F-4FD9-B9A3-7549BA51C70D}.Release|Any CPU.Build.0 = Release|Any CPU
		{D40B69A0-2E8B-4593-95C5-F0D2075532ED}.Debug|Any CPU.ActiveCfg = Debug|Any CPU
		{D40B69A0-2E8B-4593-95C5-F0D2075532ED}.Debug|Any CPU.Build.0 = Debug|Any CPU
		{D40B69A0-2E8B-4593-95C5-F0D2075532ED}.Release|Any CPU.ActiveCfg = Release|Any CPU
		{D40B69A0-2E8B-4593-95C5-F0D2075532ED}.Release|Any CPU.Build.0 = Release|Any CPU
		{CF2A6351-8621-492B-BF7A-C03F28839DC6}.Debug|Any CPU.ActiveCfg = Debug|Any CPU
		{CF2A6351-8621-492B-BF7A-C03F28839DC6}.Debug|Any CPU.Build.0 = Debug|Any CPU
		{CF2A6351-8621-492B-BF7A-C03F28839DC6}.Release|Any CPU.ActiveCfg = Release|Any CPU
		{CF2A6351-8621-492B-BF7A-C03F28839DC6}.Release|Any CPU.Build.0 = Release|Any CPU
	EndGlobalSection
	GlobalSection(SolutionProperties) = preSolution
		HideSolutionNode = FALSE
	EndGlobalSection
	GlobalSection(NestedProjects) = preSolution
		{9B2BAC68-0CB0-4DEC-B50E-E93292E23EDE} = {B177017C-1851-4788-A293-D3934D27F222}
		{67A3EC8D-3D6F-4FD9-B9A3-7549BA51C70D} = {B177017C-1851-4788-A293-D3934D27F222}
		{D40B69A0-2E8B-4593-95C5-F0D2075532ED} = {144C6BB0-7C78-4A84-8875-904885FA3997}
		{CF2A6351-8621-492B-BF7A-C03F28839DC6} = {144C6BB0-7C78-4A84-8875-904885FA3997}
	EndGlobalSection
	GlobalSection(ExtensibilityGlobals) = postSolution
		SolutionGuid = {D439CFB9-E2DD-4DF9-AA90-F321B50EAD16}
	EndGlobalSection
EndGlobal
